
Microsoft Visual Studio Solution File, Format Version 12.00
# Visual Studio Version 17
VisualStudioVersion = 17.4.33213.308
MinimumVisualStudioVersion = 10.0.40219.1
Project("{FAE04EC0-301F-11D3-BF4B-00C04F79EFBC}") = "Cargodom_Homework", "Cargodom_Homework\Cargodom_Homework.csproj", "{6BF82FCB-9EA6-4862-A3D3-7B70118B6526}"
EndProject
Global
	GlobalSection(SolutionConfigurationPlatforms) = preSolution
		Debug|Any CPU = Debug|Any CPU
		Release|Any CPU = Release|Any CPU
	EndGlobalSection
	GlobalSection(ProjectConfigurationPlatforms) = postSolution
		{6BF82FCB-9EA6-4862-A3D3-7B70118B6526}.Debug|Any CPU.ActiveCfg = Debug|Any CPU
		{6BF82FCB-9EA6-4862-A3D3-7B70118B6526}.Debug|Any CPU.Build.0 = Debug|Any CPU
		{6BF82FCB-9EA6-4862-A3D3-7B70118B6526}.Release|Any CPU.ActiveCfg = Release|Any CPU
		{6BF82FCB-9EA6-4862-A3D3-7B70118B6526}.Release|Any CPU.Build.0 = Release|Any CPU
	EndGlobalSection
	GlobalSection(SolutionProperties) = preSolution
		HideSolutionNode = FALSE
	EndGlobalSection
	GlobalSection(ExtensibilityGlobals) = postSolution
		SolutionGuid = {370A226F-E32E-4F96-A292-850742A5C0F5}
	EndGlobalSection
EndGlobal
